# Generated by pub
# See https://dart.dev/tools/pub/glossary#lockfile
packages:
  animations:
    dependency: "direct main"
    description:
      path: "packages/animations"
      ref: ee7dfe6ef8355f3b3d6d3cb58109e9e2acefb0f8
      resolved-ref: ee7dfe6ef8355f3b3d6d3cb58109e9e2acefb0f8
      url: "git@github.com:volskaya/material_switcher"
    source: git
    version: "2.0.0"
  async:
    dependency: transitive
    description:
      name: async
      url: "https://pub.dartlang.org"
    source: hosted
    version: "2.5.0"
  await_route:
    dependency: "direct main"
    description:
      path: "packages/await_route"
      ref: ef4e6a4369fd1cd8831d998061e5473b557a75f4
      resolved-ref: ef4e6a4369fd1cd8831d998061e5473b557a75f4
      url: "git@github.com:volskaya/utilities.flutter"
    source: git
    version: "1.0.0"
  characters:
    dependency: transitive
    description:
      name: characters
      url: "https://pub.dartlang.org"
    source: hosted
    version: "1.2.0"
  collection:
    dependency: transitive
    description:
      name: collection
      url: "https://pub.dartlang.org"
    source: hosted
    version: "1.15.0"
  flutter:
    dependency: "direct main"
    description: flutter
    source: sdk
    version: "0.0.0"
  flutter_lints:
    dependency: "direct dev"
    description:
      name: flutter_lints
      url: "https://pub.dartlang.org"
    source: hosted
    version: "1.0.4"
  freezed_annotation:
    dependency: transitive
    description:
      name: freezed_annotation
      url: "https://pub.dartlang.org"
    source: hosted
    version: "0.14.3"
  json_annotation:
    dependency: transitive
    description:
      name: json_annotation
      url: "https://pub.dartlang.org"
    source: hosted
    version: "4.1.0"
  lints:
    dependency: transitive
    description:
      name: lints
      url: "https://pub.dartlang.org"
    source: hosted
    version: "1.0.1"
  meta:
    dependency: transitive
    description:
      name: meta
      url: "https://pub.dartlang.org"
    source: hosted
    version: "1.7.0"
  nested:
    dependency: transitive
    description:
      name: nested
      url: "https://pub.dartlang.org"
    source: hosted
    version: "1.0.0"
  nil:
    dependency: transitive
    description:
      name: nil
      url: "https://pub.dartlang.org"
    source: hosted
    version: "1.1.1"
  provider:
    dependency: transitive
    description:
      name: provider
      url: "https://pub.dartlang.org"
    source: hosted
    version: "6.0.2"
  sky_engine:
    dependency: transitive
    description: flutter
    source: sdk
    version: "0.0.99"
  sliver_tools:
    dependency: "direct main"
    description:
      name: sliver_tools
      url: "https://pub.dartlang.org"
    source: hosted
    version: "0.2.0"
  sliver_transform:
    dependency: transitive
    description:
      path: "/Users/muru/Projects/packages/utilities.flutter/packages/sliver_transform"
      relative: false
    source: path
    version: "0.0.1"
  typed_data:
    dependency: transitive
    description:
      name: typed_data
      url: "https://pub.dartlang.org"
    source: hosted
    version: "1.3.0"
  vector_math:
    dependency: transitive
    description:
      name: vector_math
      url: "https://pub.dartlang.org"
    source: hosted
    version: "2.1.1"
sdks:
  dart: ">=2.14.0 <3.0.0"
  flutter: ">=1.17.0"
